{
  "requires": true,
  "lockfileVersion": 1,
  "dependencies": {
    "minimist": {
      "version": "1.2.0",
      "resolved": "https://registry.npmjs.org/minimist/-/minimist-1.2.0.tgz",
      "integrity": "sha1-o1AIsg9BOD7sH7kU9M1d95omQoQ="
    },
    "round-to": {
      "version": "3.0.0",
      "resolved": "https://registry.npmjs.org/round-to/-/round-to-3.0.0.tgz",
      "integrity": "sha512-h8xeIC7dRHkY++BGKtXTlO/FifRJdUmW5YObBk/8X9nc/2syNXKN8qUA6OvCgmPdtYlWvDqKZOuxz/CX6dcZNg=="
    }
  }
}
